
Microsoft Visual Studio Solution File, Format Version 12.00
# Visual Studio Version 17
VisualStudioVersion = 17.11.35327.3
MinimumVisualStudioVersion = 10.0.40219.1
Project("{FAE04EC0-301F-11D3-BF4B-00C04F79EFBC}") = "DesignPatterns", "DesignPatterns\DesignPatterns.csproj", "{0B4945B1-8A77-49EC-BAEF-FD8554C92BC9}"
EndProject
Project("{FAE04EC0-301F-11D3-BF4B-00C04F79EFBC}") = "DesignPatterns_ASPNETCore", "DesignPatterns_ASPNETCore\DesignPatterns_ASPNETCore.csproj", "{C799643C-F724-4374-A451-1A7718EB190F}"
EndProject
Project("{FAE04EC0-301F-11D3-BF4B-00C04F79EFBC}") = "DesignPatterns.Utilities", "DesignPatterns.Utilities\DesignPatterns.Utilities.csproj", "{4997B964-8AF2-4361-8613-1EA93EE389BD}"
EndProject
Project("{FAE04EC0-301F-11D3-BF4B-00C04F79EFBC}") = "DesignPatterns.Models", "DesignPatterns.Models\DesignPatterns.Models.csproj", "{9DCC4206-6330-4E75-A8FC-3652E5630160}"
EndProject
Project("{FAE04EC0-301F-11D3-BF4B-00C04F79EFBC}") = "DesignPatterns.Repository", "DesignPatterns.Repository\DesignPatterns.Repository.csproj", "{E389DF1B-C0D6-4C91-83AD-EA9574E911AD}"
EndProject
Global
	GlobalSection(SolutionConfigurationPlatforms) = preSolution
		Debug|Any CPU = Debug|Any CPU
		Release|Any CPU = Release|Any CPU
	EndGlobalSection
	GlobalSection(ProjectConfigurationPlatforms) = postSolution
		{0B4945B1-8A77-49EC-BAEF-FD8554C92BC9}.Debug|Any CPU.ActiveCfg = Debug|Any CPU
		{0B4945B1-8A77-49EC-BAEF-FD8554C92BC9}.Debug|Any CPU.Build.0 = Debug|Any CPU
		{0B4945B1-8A77-49EC-BAEF-FD8554C92BC9}.Release|Any CPU.ActiveCfg = Release|Any CPU
		{0B4945B1-8A77-49EC-BAEF-FD8554C92BC9}.Release|Any CPU.Build.0 = Release|Any CPU
		{C799643C-F724-4374-A451-1A7718EB190F}.Debug|Any CPU.ActiveCfg = Debug|Any CPU
		{C799643C-F724-4374-A451-1A7718EB190F}.Debug|Any CPU.Build.0 = Debug|Any CPU
		{C799643C-F724-4374-A451-1A7718EB190F}.Release|Any CPU.ActiveCfg = Release|Any CPU
		{C799643C-F724-4374-A451-1A7718EB190F}.Release|Any CPU.Build.0 = Release|Any CPU
		{4997B964-8AF2-4361-8613-1EA93EE389BD}.Debug|Any CPU.ActiveCfg = Debug|Any CPU
		{4997B964-8AF2-4361-8613-1EA93EE389BD}.Debug|Any CPU.Build.0 = Debug|Any CPU
		{4997B964-8AF2-4361-8613-1EA93EE389BD}.Release|Any CPU.ActiveCfg = Release|Any CPU
		{4997B964-8AF2-4361-8613-1EA93EE389BD}.Release|Any CPU.Build.0 = Release|Any CPU
		{9DCC4206-6330-4E75-A8FC-3652E5630160}.Debug|Any CPU.ActiveCfg = Debug|Any CPU
		{9DCC4206-6330-4E75-A8FC-3652E5630160}.Debug|Any CPU.Build.0 = Debug|Any CPU
		{9DCC4206-6330-4E75-A8FC-3652E5630160}.Release|Any CPU.ActiveCfg = Release|Any CPU
		{9DCC4206-6330-4E75-A8FC-3652E5630160}.Release|Any CPU.Build.0 = Release|Any CPU
		{E389DF1B-C0D6-4C91-83AD-EA9574E911AD}.Debug|Any CPU.ActiveCfg = Debug|Any CPU
		{E389DF1B-C0D6-4C91-83AD-EA9574E911AD}.Debug|Any CPU.Build.0 = Debug|Any CPU
		{E389DF1B-C0D6-4C91-83AD-EA9574E911AD}.Release|Any CPU.ActiveCfg = Release|Any CPU
		{E389DF1B-C0D6-4C91-83AD-EA9574E911AD}.Release|Any CPU.Build.0 = Release|Any CPU
	EndGlobalSection
	GlobalSection(SolutionProperties) = preSolution
		HideSolutionNode = FALSE
	EndGlobalSection
	GlobalSection(ExtensibilityGlobals) = postSolution
		SolutionGuid = {ACE1A5AB-BFE1-41C3-A56B-0BA2B93768DE}
	EndGlobalSection
EndGlobal
